<Solution>
  <Folder Name="/backend/">
    <Project Path="backend/DooDuckInn.Api/DooDuckInn.Api.csproj"/>
    <Project Path="backend/DooDuckInn.Domain/DooDuckInn.Domain.csproj"/>
    <Project Path="backend/DooDuckInn.Infrastructure/DooDuckInn.Infrastructure.csproj"/>
    <Project Path="backend/DooDuckInn.Application/DooDuckInn.Application.csproj"/>
  </Folder>
</Solution>